// !$*UTF8*$!
{
	archiveVersion = 1;
	classes = {
	};
	objectVersion = 56;
	objects = {

/* Begin PBXBuildFile section */
		2E33003E2988E2A40064F153 /* AppDelegate.swift in Sources */ = {isa = PBXBuildFile; fileRef = 2E33003D2988E2A40064F153 /* AppDelegate.swift */; };
		2E3300402988E2A40064F153 /* SceneDelegate.swift in Sources */ = {isa = PBXBuildFile; fileRef = 2E33003F2988E2A40064F153 /* SceneDelegate.swift */; };
		2E3300422988E2A40064F153 /* ViewController.swift in Sources */ = {isa = PBXBuildFile; fileRef = 2E3300412988E2A40064F153 /* ViewController.swift */; };
		2E3300452988E2A40064F153 /* Main.storyboard in Resources */ = {isa = PBXBuildFile; fileRef = 2E3300432988E2A40064F153 /* Main.storyboard */; };
		2E3300472988E2A50064F153 /* Assets.xcassets in Resources */ = {isa = PBXBuildFile; fileRef = 2E3300462988E2A50064F153 /* Assets.xcassets */; };
		2E33004A2988E2A50064F153 /* LaunchScreen.storyboard in Resources */ = {isa = PBXBuildFile; fileRef = 2E3300482988E2A50064F153 /* LaunchScreen.storyboard */; };
		2E3300532988E4C90064F153 /* GenreListProtocol.swift in Sources */ = {isa = PBXBuildFile; fileRef = 2E3300522988E4C90064F153 /* GenreListProtocol.swift */; };
		2E3300552988E4E50064F153 /* GenreListView.swift in Sources */ = {isa = PBXBuildFile; fileRef = 2E3300542988E4E50064F153 /* GenreListView.swift */; };
		2E3300572988E4F30064F153 /* GenreListPresenter.swift in Sources */ = {isa = PBXBuildFile; fileRef = 2E3300562988E4F30064F153 /* GenreListPresenter.swift */; };
		2E3300592988E4FE0064F153 /* GenreListInteractor.swift in Sources */ = {isa = PBXBuildFile; fileRef = 2E3300582988E4FE0064F153 /* GenreListInteractor.swift */; };
		2E33005B2988E5070064F153 /* GenreListRouter.swift in Sources */ = {isa = PBXBuildFile; fileRef = 2E33005A2988E5070064F153 /* GenreListRouter.swift */; };
		2E33005F2988EB230064F153 /* Constants.swift in Sources */ = {isa = PBXBuildFile; fileRef = 2E33005E2988EB230064F153 /* Constants.swift */; };
		2E3300612988EBA40064F153 /* APIKey.swift in Sources */ = {isa = PBXBuildFile; fileRef = 2E3300602988EBA40064F153 /* APIKey.swift */; };
		2E3300632988EDAB0064F153 /* Genre.swift in Sources */ = {isa = PBXBuildFile; fileRef = 2E3300622988EDAB0064F153 /* Genre.swift */; };
		2E3300662988F1920064F153 /* GenreCollectionViewCell.swift in Sources */ = {isa = PBXBuildFile; fileRef = 2E3300652988F1920064F153 /* GenreCollectionViewCell.swift */; };
/* End PBXBuildFile section */

/* Begin PBXFileReference section */
		2E33003A2988E2A40064F153 /* movie-viper.app */ = {isa = PBXFileReference; explicitFileType = wrapper.application; includeInIndex = 0; path = "movie-viper.app"; sourceTree = BUILT_PRODUCTS_DIR; };
		2E33003D2988E2A40064F153 /* AppDelegate.swift */ = {isa = PBXFileReference; lastKnownFileType = sourcecode.swift; path = AppDelegate.swift; sourceTree = "<group>"; };
		2E33003F2988E2A40064F153 /* SceneDelegate.swift */ = {isa = PBXFileReference; lastKnownFileType = sourcecode.swift; path = SceneDelegate.swift; sourceTree = "<group>"; };
		2E3300412988E2A40064F153 /* ViewController.swift */ = {isa = PBXFileReference; lastKnownFileType = sourcecode.swift; path = ViewController.swift; sourceTree = "<group>"; };
		2E3300442988E2A40064F153 /* Base */ = {isa = PBXFileReference; lastKnownFileType = file.storyboard; name = Base; path = Base.lproj/Main.storyboard; sourceTree = "<group>"; };
		2E3300462988E2A50064F153 /* Assets.xcassets */ = {isa = PBXFileReference; lastKnownFileType = folder.assetcatalog; path = Assets.xcassets; sourceTree = "<group>"; };
		2E3300492988E2A50064F153 /* Base */ = {isa = PBXFileReference; lastKnownFileType = file.storyboard; name = Base; path = Base.lproj/LaunchScreen.storyboard; sourceTree = "<group>"; };
		2E33004B2988E2A50064F153 /* Info.plist */ = {isa = PBXFileReference; lastKnownFileType = text.plist.xml; path = Info.plist; sourceTree = "<group>"; };
		2E3300522988E4C90064F153 /* GenreListProtocol.swift */ = {isa = PBXFileReference; lastKnownFileType = sourcecode.swift; path = GenreListProtocol.swift; sourceTree = "<group>"; };
		2E3300542988E4E50064F153 /* GenreListView.swift */ = {isa = PBXFileReference; lastKnownFileType = sourcecode.swift; path = GenreListView.swift; sourceTree = "<group>"; };
		2E3300562988E4F30064F153 /* GenreListPresenter.swift */ = {isa = PBXFileReference; lastKnownFileType = sourcecode.swift; path = GenreListPresenter.swift; sourceTree = "<group>"; };
		2E3300582988E4FE0064F153 /* GenreListInteractor.swift */ = {isa = PBXFileReference; lastKnownFileType = sourcecode.swift; path = GenreListInteractor.swift; sourceTree = "<group>"; };
		2E33005A2988E5070064F153 /* GenreListRouter.swift */ = {isa = PBXFileReference; lastKnownFileType = sourcecode.swift; path = GenreListRouter.swift; sourceTree = "<group>"; };
		2E33005E2988EB230064F153 /* Constants.swift */ = {isa = PBXFileReference; lastKnownFileType = sourcecode.swift; path = Constants.swift; sourceTree = "<group>"; };
		2E3300602988EBA40064F153 /* APIKey.swift */ = {isa = PBXFileReference; lastKnownFileType = sourcecode.swift; path = APIKey.swift; sourceTree = "<group>"; };
		2E3300622988EDAB0064F153 /* Genre.swift */ = {isa = PBXFileReference; lastKnownFileType = sourcecode.swift; path = Genre.swift; sourceTree = "<group>"; };
		2E3300652988F1920064F153 /* GenreCollectionViewCell.swift */ = {isa = PBXFileReference; lastKnownFileType = sourcecode.swift; path = GenreCollectionViewCell.swift; sourceTree = "<group>"; };
/* End PBXFileReference section */

/* Begin PBXFrameworksBuildPhase section */
		2E3300372988E2A40064F153 /* Frameworks */ = {
			isa = PBXFrameworksBuildPhase;
			buildActionMask = 2147483647;
			files = (
			);
			runOnlyForDeploymentPostprocessing = 0;
		};
/* End PBXFrameworksBuildPhase section */

/* Begin PBXGroup section */
		2E3300312988E2A40064F153 = {
			isa = PBXGroup;
			children = (
				2E33003C2988E2A40064F153 /* movie-viper */,
				2E33003B2988E2A40064F153 /* Products */,
			);
			sourceTree = "<group>";
		};
		2E33003B2988E2A40064F153 /* Products */ = {
			isa = PBXGroup;
			children = (
				2E33003A2988E2A40064F153 /* movie-viper.app */,
			);
			name = Products;
			sourceTree = "<group>";
		};
		2E33003C2988E2A40064F153 /* movie-viper */ = {
			isa = PBXGroup;
			children = (
				2E33005D2988EB050064F153 /* Constants */,
				2E33005C2988E5120064F153 /* Entity */,
				2E3300512988E4A00064F153 /* GenreList */,
				2E33003D2988E2A40064F153 /* AppDelegate.swift */,
				2E33003F2988E2A40064F153 /* SceneDelegate.swift */,
				2E3300412988E2A40064F153 /* ViewController.swift */,
				2E3300432988E2A40064F153 /* Main.storyboard */,
				2E3300462988E2A50064F153 /* Assets.xcassets */,
				2E3300482988E2A50064F153 /* LaunchScreen.storyboard */,
				2E33004B2988E2A50064F153 /* Info.plist */,
			);
			path = "movie-viper";
			sourceTree = "<group>";
		};
		2E3300512988E4A00064F153 /* GenreList */ = {
			isa = PBXGroup;
			children = (
				2E3300642988F03C0064F153 /* Views */,
				2E3300522988E4C90064F153 /* GenreListProtocol.swift */,
				2E3300562988E4F30064F153 /* GenreListPresenter.swift */,
				2E3300582988E4FE0064F153 /* GenreListInteractor.swift */,
				2E33005A2988E5070064F153 /* GenreListRouter.swift */,
			);
			path = GenreList;
			sourceTree = "<group>";
		};
		2E33005C2988E5120064F153 /* Entity */ = {
			isa = PBXGroup;
			children = (
				2E3300622988EDAB0064F153 /* Genre.swift */,
			);
			path = Entity;
			sourceTree = "<group>";
		};
		2E33005D2988EB050064F153 /* Constants */ = {
			isa = PBXGroup;
			children = (
				2E33005E2988EB230064F153 /* Constants.swift */,
				2E3300602988EBA40064F153 /* APIKey.swift */,
			);
			path = Constants;
			sourceTree = "<group>";
		};
		2E3300642988F03C0064F153 /* Views */ = {
			isa = PBXGroup;
			children = (
				2E3300652988F1920064F153 /* GenreCollectionViewCell.swift */,
				2E3300542988E4E50064F153 /* GenreListView.swift */,
			);
			path = Views;
			sourceTree = "<group>";
		};
/* End PBXGroup section */

/* Begin PBXNativeTarget section */
		2E3300392988E2A40064F153 /* movie-viper */ = {
			isa = PBXNativeTarget;
			buildConfigurationList = 2E33004E2988E2A50064F153 /* Build configuration list for PBXNativeTarget "movie-viper" */;
			buildPhases = (
				2E3300362988E2A40064F153 /* Sources */,
				2E3300372988E2A40064F153 /* Frameworks */,
				2E3300382988E2A40064F153 /* Resources */,
			);
			buildRules = (
			);
			dependencies = (
			);
			name = "movie-viper";
			productName = "movie-viper";
			productReference = 2E33003A2988E2A40064F153 /* movie-viper.app */;
			productType = "com.apple.product-type.application";
		};
/* End PBXNativeTarget section */

/* Begin PBXProject section */
		2E3300322988E2A40064F153 /* Project object */ = {
			isa = PBXProject;
			attributes = {
				BuildIndependentTargetsInParallel = 1;
				LastSwiftUpdateCheck = 1420;
				LastUpgradeCheck = 1420;
				TargetAttributes = {
					2E3300392988E2A40064F153 = {
						CreatedOnToolsVersion = 14.2;
					};
				};
			};
			buildConfigurationList = 2E3300352988E2A40064F153 /* Build configuration list for PBXProject "movie-viper" */;
			compatibilityVersion = "Xcode 14.0";
			developmentRegion = en;
			hasScannedForEncodings = 0;
			knownRegions = (
				en,
				Base,
			);
			mainGroup = 2E3300312988E2A40064F153;
			productRefGroup = 2E33003B2988E2A40064F153 /* Products */;
			projectDirPath = "";
			projectRoot = "";
			targets = (
				2E3300392988E2A40064F153 /* movie-viper */,
			);
		};
/* End PBXProject section */

/* Begin PBXResourcesBuildPhase section */
		2E3300382988E2A40064F153 /* Resources */ = {
			isa = PBXResourcesBuildPhase;
			buildActionMask = 2147483647;
			files = (
				2E33004A2988E2A50064F153 /* LaunchScreen.storyboard in Resources */,
				2E3300472988E2A50064F153 /* Assets.xcassets in Resources */,
				2E3300452988E2A40064F153 /* Main.storyboard in Resources */,
			);
			runOnlyForDeploymentPostprocessing = 0;
		};
/* End PBXResourcesBuildPhase section */

/* Begin PBXSourcesBuildPhase section */
		2E3300362988E2A40064F153 /* Sources */ = {
			isa = PBXSourcesBuildPhase;
			buildActionMask = 2147483647;
			files = (
				2E3300592988E4FE0064F153 /* GenreListInteractor.swift in Sources */,
				2E3300572988E4F30064F153 /* GenreListPresenter.swift in Sources */,
				2E3300422988E2A40064F153 /* ViewController.swift in Sources */,
				2E3300632988EDAB0064F153 /* Genre.swift in Sources */,
				2E3300662988F1920064F153 /* GenreCollectionViewCell.swift in Sources */,
				2E3300532988E4C90064F153 /* GenreListProtocol.swift in Sources */,
				2E3300612988EBA40064F153 /* APIKey.swift in Sources */,
				2E33003E2988E2A40064F153 /* AppDelegate.swift in Sources */,
				2E3300552988E4E50064F153 /* GenreListView.swift in Sources */,
				2E33005B2988E5070064F153 /* GenreListRouter.swift in Sources */,
				2E3300402988E2A40064F153 /* SceneDelegate.swift in Sources */,
				2E33005F2988EB230064F153 /* Constants.swift in Sources */,
			);
			runOnlyForDeploymentPostprocessing = 0;
		};
/* End PBXSourcesBuildPhase section */

/* Begin PBXVariantGroup section */
		2E3300432988E2A40064F153 /* Main.storyboard */ = {
			isa = PBXVariantGroup;
			children = (
				2E3300442988E2A40064F153 /* Base */,
			);
			name = Main.storyboard;
			sourceTree = "<group>";
		};
		2E3300482988E2A50064F153 /* LaunchScreen.storyboard */ = {
			isa = PBXVariantGroup;
			children = (
				2E3300492988E2A50064F153 /* Base */,
			);
			name = LaunchScreen.storyboard;
			sourceTree = "<group>";
		};
/* End PBXVariantGroup section */

/* Begin XCBuildConfiguration section */
		2E33004C2988E2A50064F153 /* Debug */ = {
			isa = XCBuildConfiguration;
			buildSettings = {
				ALWAYS_SEARCH_USER_PATHS = NO;
				CLANG_ANALYZER_NONNULL = YES;
				CLANG_ANALYZER_NUMBER_OBJECT_CONVERSION = YES_AGGRESSIVE;
				CLANG_CXX_LANGUAGE_STANDARD = "gnu++20";
				CLANG_ENABLE_MODULES = YES;
				CLANG_ENABLE_OBJC_ARC = YES;
				CLANG_ENABLE_OBJC_WEAK = YES;
				CLANG_WARN_BLOCK_CAPTURE_AUTORELEASING = YES;
				CLANG_WARN_BOOL_CONVERSION = YES;
				CLANG_WARN_COMMA = YES;
				CLANG_WARN_CONSTANT_CONVERSION = YES;
				CLANG_WARN_DEPRECATED_OBJC_IMPLEMENTATIONS = YES;
				CLANG_WARN_DIRECT_OBJC_ISA_USAGE = YES_ERROR;
				CLANG_WARN_DOCUMENTATION_COMMENTS = YES;
				CLANG_WARN_EMPTY_BODY = YES;
				CLANG_WARN_ENUM_CONVERSION = YES;
				CLANG_WARN_INFINITE_RECURSION = YES;
				CLANG_WARN_INT_CONVERSION = YES;
				CLANG_WARN_NON_LITERAL_NULL_CONVERSION = YES;
				CLANG_WARN_OBJC_IMPLICIT_RETAIN_SELF = YES;
				CLANG_WARN_OBJC_LITERAL_CONVERSION = YES;
				CLANG_WARN_OBJC_ROOT_CLASS = YES_ERROR;
				CLANG_WARN_QUOTED_INCLUDE_IN_FRAMEWORK_HEADER = YES;
				CLANG_WARN_RANGE_LOOP_ANALYSIS = YES;
				CLANG_WARN_STRICT_PROTOTYPES = YES;
				CLANG_WARN_SUSPICIOUS_MOVE = YES;
				CLANG_WARN_UNGUARDED_AVAILABILITY = YES_AGGRESSIVE;
				CLANG_WARN_UNREACHABLE_CODE = YES;
				CLANG_WARN__DUPLICATE_METHOD_MATCH = YES;
				COPY_PHASE_STRIP = NO;
				DEBUG_INFORMATION_FORMAT = dwarf;
				ENABLE_STRICT_OBJC_MSGSEND = YES;
				ENABLE_TESTABILITY = YES;
				GCC_C_LANGUAGE_STANDARD = gnu11;
				GCC_DYNAMIC_NO_PIC = NO;
				GCC_NO_COMMON_BLOCKS = YES;
				GCC_OPTIMIZATION_LEVEL = 0;
				GCC_PREPROCESSOR_DEFINITIONS = (
					"DEBUG=1",
					"$(inherited)",
				);
				GCC_WARN_64_TO_32_BIT_CONVERSION = YES;
				GCC_WARN_ABOUT_RETURN_TYPE = YES_ERROR;
				GCC_WARN_UNDECLARED_SELECTOR = YES;
				GCC_WARN_UNINITIALIZED_AUTOS = YES_AGGRESSIVE;
				GCC_WARN_UNUSED_FUNCTION = YES;
				GCC_WARN_UNUSED_VARIABLE = YES;
				IPHONEOS_DEPLOYMENT_TARGET = 16.2;
				MTL_ENABLE_DEBUG_INFO = INCLUDE_SOURCE;
				MTL_FAST_MATH = YES;
				ONLY_ACTIVE_ARCH = YES;
				SDKROOT = iphoneos;
				SWIFT_ACTIVE_COMPILATION_CONDITIONS = DEBUG;
				SWIFT_OPTIMIZATION_LEVEL = "-Onone";
			};
			name = Debug;
		};
		2E33004D2988E2A50064F153 /* Release */ = {
			isa = XCBuildConfiguration;
			buildSettings = {
				ALWAYS_SEARCH_USER_PATHS = NO;
				CLANG_ANALYZER_NONNULL = YES;
				CLANG_ANALYZER_NUMBER_OBJECT_CONVERSION = YES_AGGRESSIVE;
				CLANG_CXX_LANGUAGE_STANDARD = "gnu++20";
				CLANG_ENABLE_MODULES = YES;
				CLANG_ENABLE_OBJC_ARC = YES;
				CLANG_ENABLE_OBJC_WEAK = YES;
				CLANG_WARN_BLOCK_CAPTURE_AUTORELEASING = YES;
				CLANG_WARN_BOOL_CONVERSION = YES;
				CLANG_WARN_COMMA = YES;
				CLANG_WARN_CONSTANT_CONVERSION = YES;
				CLANG_WARN_DEPRECATED_OBJC_IMPLEMENTATIONS = YES;
				CLANG_WARN_DIRECT_OBJC_ISA_USAGE = YES_ERROR;
				CLANG_WARN_DOCUMENTATION_COMMENTS = YES;
				CLANG_WARN_EMPTY_BODY = YES;
				CLANG_WARN_ENUM_CONVERSION = YES;
				CLANG_WARN_INFINITE_RECURSION = YES;
				CLANG_WARN_INT_CONVERSION = YES;
				CLANG_WARN_NON_LITERAL_NULL_CONVERSION = YES;
				CLANG_WARN_OBJC_IMPLICIT_RETAIN_SELF = YES;
				CLANG_WARN_OBJC_LITERAL_CONVERSION = YES;
				CLANG_WARN_OBJC_ROOT_CLASS = YES_ERROR;
				CLANG_WARN_QUOTED_INCLUDE_IN_FRAMEWORK_HEADER = YES;
				CLANG_WARN_RANGE_LOOP_ANALYSIS = YES;
				CLANG_WARN_STRICT_PROTOTYPES = YES;
				CLANG_WARN_SUSPICIOUS_MOVE = YES;
				CLANG_WARN_UNGUARDED_AVAILABILITY = YES_AGGRESSIVE;
				CLANG_WARN_UNREACHABLE_CODE = YES;
				CLANG_WARN__DUPLICATE_METHOD_MATCH = YES;
				COPY_PHASE_STRIP = NO;
				DEBUG_INFORMATION_FORMAT = "dwarf-with-dsym";
				ENABLE_NS_ASSERTIONS = NO;
				ENABLE_STRICT_OBJC_MSGSEND = YES;
				GCC_C_LANGUAGE_STANDARD = gnu11;
				GCC_NO_COMMON_BLOCKS = YES;
				GCC_WARN_64_TO_32_BIT_CONVERSION = YES;
				GCC_WARN_ABOUT_RETURN_TYPE = YES_ERROR;
				GCC_WARN_UNDECLARED_SELECTOR = YES;
				GCC_WARN_UNINITIALIZED_AUTOS = YES_AGGRESSIVE;
				GCC_WARN_UNUSED_FUNCTION = YES;
				GCC_WARN_UNUSED_VARIABLE = YES;
				IPHONEOS_DEPLOYMENT_TARGET = 16.2;
				MTL_ENABLE_DEBUG_INFO = NO;
				MTL_FAST_MATH = YES;
				SDKROOT = iphoneos;
				SWIFT_COMPILATION_MODE = wholemodule;
				SWIFT_OPTIMIZATION_LEVEL = "-O";
				VALIDATE_PRODUCT = YES;
			};
			name = Release;
		};
		2E33004F2988E2A50064F153 /* Debug */ = {
			isa = XCBuildConfiguration;
			buildSettings = {
				ASSETCATALOG_COMPILER_APPICON_NAME = AppIcon;
				ASSETCATALOG_COMPILER_GLOBAL_ACCENT_COLOR_NAME = AccentColor;
				CODE_SIGN_STYLE = Automatic;
				CURRENT_PROJECT_VERSION = 1;
				DEVELOPMENT_TEAM = NH9U89BPWK;
				GENERATE_INFOPLIST_FILE = YES;
				INFOPLIST_FILE = "movie-viper/Info.plist";
				INFOPLIST_KEY_UIApplicationSupportsIndirectInputEvents = YES;
				INFOPLIST_KEY_UILaunchStoryboardName = LaunchScreen;
				INFOPLIST_KEY_UIMainStoryboardFile = Main;
				INFOPLIST_KEY_UISupportedInterfaceOrientations = UIInterfaceOrientationPortrait;
				LD_RUNPATH_SEARCH_PATHS = (
					"$(inherited)",
					"@executable_path/Frameworks",
				);
				MARKETING_VERSION = 1.0;
				PRODUCT_BUNDLE_IDENTIFIER = "com.irfanizudin.movie-viper";
				PRODUCT_NAME = "$(TARGET_NAME)";
				SWIFT_EMIT_LOC_STRINGS = YES;
				SWIFT_VERSION = 5.0;
				TARGETED_DEVICE_FAMILY = "1,2";
			};
			name = Debug;
		};
		2E3300502988E2A50064F153 /* Release */ = {
			isa = XCBuildConfiguration;
			buildSettings = {
				ASSETCATALOG_COMPILER_APPICON_NAME = AppIcon;
				ASSETCATALOG_COMPILER_GLOBAL_ACCENT_COLOR_NAME = AccentColor;
				CODE_SIGN_STYLE = Automatic;
				CURRENT_PROJECT_VERSION = 1;
				DEVELOPMENT_TEAM = NH9U89BPWK;
				GENERATE_INFOPLIST_FILE = YES;
				INFOPLIST_FILE = "movie-viper/Info.plist";
				INFOPLIST_KEY_UIApplicationSupportsIndirectInputEvents = YES;
				INFOPLIST_KEY_UILaunchStoryboardName = LaunchScreen;
				INFOPLIST_KEY_UIMainStoryboardFile = Main;
				INFOPLIST_KEY_UISupportedInterfaceOrientations = UIInterfaceOrientationPortrait;
				LD_RUNPATH_SEARCH_PATHS = (
					"$(inherited)",
					"@executable_path/Frameworks",
				);
				MARKETING_VERSION = 1.0;
				PRODUCT_BUNDLE_IDENTIFIER = "com.irfanizudin.movie-viper";
				PRODUCT_NAME = "$(TARGET_NAME)";
				SWIFT_EMIT_LOC_STRINGS = YES;
				SWIFT_VERSION = 5.0;
				TARGETED_DEVICE_FAMILY = "1,2";
			};
			name = Release;
		};
/* End XCBuildConfiguration section */

/* Begin XCConfigurationList section */
		2E3300352988E2A40064F153 /* Build configuration list for PBXProject "movie-viper" */ = {
			isa = XCConfigurationList;
			buildConfigurations = (
				2E33004C2988E2A50064F153 /* Debug */,
				2E33004D2988E2A50064F153 /* Release */,
			);
			defaultConfigurationIsVisible = 0;
			defaultConfigurationName = Release;
		};
		2E33004E2988E2A50064F153 /* Build configuration list for PBXNativeTarget "movie-viper" */ = {
			isa = XCConfigurationList;
			buildConfigurations = (
				2E33004F2988E2A50064F153 /* Debug */,
				2E3300502988E2A50064F153 /* Release */,
			);
			defaultConfigurationIsVisible = 0;
			defaultConfigurationName = Release;
		};
/* End XCConfigurationList section */
	};
	rootObject = 2E3300322988E2A40064F153 /* Project object */;
}
